
Microsoft Visual Studio Solution File, Format Version 12.00
# Visual Studio 15
VisualStudioVersion = 15.0.27428.2027
MinimumVisualStudioVersion = 10.0.40219.1
Project("{FAE04EC0-301F-11D3-BF4B-00C04F79EFBC}") = "CoursExo", "CoursExo\CoursExo.csproj", "{45F73159-D28F-438D-B890-087CE3A6C92E}"
EndProject
Project("{FAE04EC0-301F-11D3-BF4B-00C04F79EFBC}") = "TD1", "TD1\TD1.csproj", "{36F00888-334E-4E75-BB4E-38C8194DAC3A}"
EndProject
Project("{FAE04EC0-301F-11D3-BF4B-00C04F79EFBC}") = "TD2", "TD2\TD2.csproj", "{B306FE18-781E-4A38-AE11-8AF5381670BF}"
EndProject
Project("{FAE04EC0-301F-11D3-BF4B-00C04F79EFBC}") = "TD3", "TD3\TD3.csproj", "{D82111B7-781C-423F-8F26-C19C64BA91CD}"
EndProject
Project("{FAE04EC0-301F-11D3-BF4B-00C04F79EFBC}") = "TD4", "TD4\TD4.csproj", "{4F1D7865-685D-4E76-B5C0-B702E2C73295}"
EndProject
Project("{FAE04EC0-301F-11D3-BF4B-00C04F79EFBC}") = "TD5", "TD5\TD5.csproj", "{B5D31452-9518-4FC8-9A30-BEA58F56D9C9}"
EndProject
Global
	GlobalSection(SolutionConfigurationPlatforms) = preSolution
		Debug|Any CPU = Debug|Any CPU
		Release|Any CPU = Release|Any CPU
	EndGlobalSection
	GlobalSection(ProjectConfigurationPlatforms) = postSolution
		{45F73159-D28F-438D-B890-087CE3A6C92E}.Debug|Any CPU.ActiveCfg = Debug|Any CPU
		{45F73159-D28F-438D-B890-087CE3A6C92E}.Debug|Any CPU.Build.0 = Debug|Any CPU
		{45F73159-D28F-438D-B890-087CE3A6C92E}.Release|Any CPU.ActiveCfg = Release|Any CPU
		{45F73159-D28F-438D-B890-087CE3A6C92E}.Release|Any CPU.Build.0 = Release|Any CPU
		{36F00888-334E-4E75-BB4E-38C8194DAC3A}.Debug|Any CPU.ActiveCfg = Debug|Any CPU
		{36F00888-334E-4E75-BB4E-38C8194DAC3A}.Debug|Any CPU.Build.0 = Debug|Any CPU
		{36F00888-334E-4E75-BB4E-38C8194DAC3A}.Release|Any CPU.ActiveCfg = Release|Any CPU
		{36F00888-334E-4E75-BB4E-38C8194DAC3A}.Release|Any CPU.Build.0 = Release|Any CPU
		{B306FE18-781E-4A38-AE11-8AF5381670BF}.Debug|Any CPU.ActiveCfg = Debug|Any CPU
		{B306FE18-781E-4A38-AE11-8AF5381670BF}.Debug|Any CPU.Build.0 = Debug|Any CPU
		{B306FE18-781E-4A38-AE11-8AF5381670BF}.Release|Any CPU.ActiveCfg = Release|Any CPU
		{B306FE18-781E-4A38-AE11-8AF5381670BF}.Release|Any CPU.Build.0 = Release|Any CPU
		{D82111B7-781C-423F-8F26-C19C64BA91CD}.Debug|Any CPU.ActiveCfg = Debug|Any CPU
		{D82111B7-781C-423F-8F26-C19C64BA91CD}.Debug|Any CPU.Build.0 = Debug|Any CPU
		{D82111B7-781C-423F-8F26-C19C64BA91CD}.Release|Any CPU.ActiveCfg = Release|Any CPU
		{D82111B7-781C-423F-8F26-C19C64BA91CD}.Release|Any CPU.Build.0 = Release|Any CPU
		{4F1D7865-685D-4E76-B5C0-B702E2C73295}.Debug|Any CPU.ActiveCfg = Debug|Any CPU
		{4F1D7865-685D-4E76-B5C0-B702E2C73295}.Debug|Any CPU.Build.0 = Debug|Any CPU
		{4F1D7865-685D-4E76-B5C0-B702E2C73295}.Release|Any CPU.ActiveCfg = Release|Any CPU
		{4F1D7865-685D-4E76-B5C0-B702E2C73295}.Release|Any CPU.Build.0 = Release|Any CPU
		{B5D31452-9518-4FC8-9A30-BEA58F56D9C9}.Debug|Any CPU.ActiveCfg = Debug|Any CPU
		{B5D31452-9518-4FC8-9A30-BEA58F56D9C9}.Debug|Any CPU.Build.0 = Debug|Any CPU
		{B5D31452-9518-4FC8-9A30-BEA58F56D9C9}.Release|Any CPU.ActiveCfg = Release|Any CPU
		{B5D31452-9518-4FC8-9A30-BEA58F56D9C9}.Release|Any CPU.Build.0 = Release|Any CPU
	EndGlobalSection
	GlobalSection(SolutionProperties) = preSolution
		HideSolutionNode = FALSE
	EndGlobalSection
	GlobalSection(ExtensibilityGlobals) = postSolution
		SolutionGuid = {D11A01FA-5A92-4D77-A5BB-4F814C02ED09}
	EndGlobalSection
EndGlobal
